
Microsoft Visual Studio Solution File, Format Version 12.00
# Visual Studio Version 17
VisualStudioVersion = 17.8.34525.116
MinimumVisualStudioVersion = 10.0.40219.1
Project("{FAE04EC0-301F-11D3-BF4B-00C04F79EFBC}") = "MetrologyWebAPI", "MetrologyWebAPI\MetrologyWebAPI.csproj", "{6635A86A-625A-4222-ACFF-031C2AC8A0AA}"
EndProject
Global
	GlobalSection(SolutionConfigurationPlatforms) = preSolution
		Debug|Any CPU = Debug|Any CPU
		Release|Any CPU = Release|Any CPU
	EndGlobalSection
	GlobalSection(ProjectConfigurationPlatforms) = postSolution
		{6635A86A-625A-4222-ACFF-031C2AC8A0AA}.Debug|Any CPU.ActiveCfg = Debug|Any CPU
		{6635A86A-625A-4222-ACFF-031C2AC8A0AA}.Debug|Any CPU.Build.0 = Debug|Any CPU
		{6635A86A-625A-4222-ACFF-031C2AC8A0AA}.Release|Any CPU.ActiveCfg = Release|Any CPU
		{6635A86A-625A-4222-ACFF-031C2AC8A0AA}.Release|Any CPU.Build.0 = Release|Any CPU
	EndGlobalSection
	GlobalSection(SolutionProperties) = preSolution
		HideSolutionNode = FALSE
	EndGlobalSection
	GlobalSection(ExtensibilityGlobals) = postSolution
		SolutionGuid = {2CA7D0F7-CEFE-42CB-8995-AA58796C4739}
	EndGlobalSection
EndGlobal
